
Microsoft Visual Studio Solution File, Format Version 12.00
# Visual Studio Version 16
VisualStudioVersion = 16.0.31112.23
MinimumVisualStudioVersion = 10.0.40219.1
Project("{FAE04EC0-301F-11D3-BF4B-00C04F79EFBC}") = "ConsoleApp2_GuessingGame", "ConsoleApp2_GuessingGame\ConsoleApp2_GuessingGame.csproj", "{8D0071DA-1DA4-463A-A206-15C98A028DCE}"
EndProject
Global
	GlobalSection(SolutionConfigurationPlatforms) = preSolution
		Debug|Any CPU = Debug|Any CPU
		Release|Any CPU = Release|Any CPU
	EndGlobalSection
	GlobalSection(ProjectConfigurationPlatforms) = postSolution
		{8D0071DA-1DA4-463A-A206-15C98A028DCE}.Debug|Any CPU.ActiveCfg = Debug|Any CPU
		{8D0071DA-1DA4-463A-A206-15C98A028DCE}.Debug|Any CPU.Build.0 = Debug|Any CPU
		{8D0071DA-1DA4-463A-A206-15C98A028DCE}.Release|Any CPU.ActiveCfg = Release|Any CPU
		{8D0071DA-1DA4-463A-A206-15C98A028DCE}.Release|Any CPU.Build.0 = Release|Any CPU
	EndGlobalSection
	GlobalSection(SolutionProperties) = preSolution
		HideSolutionNode = FALSE
	EndGlobalSection
	GlobalSection(ExtensibilityGlobals) = postSolution
		SolutionGuid = {ECDB58C4-15B6-4378-A92C-9CD9ABD33AE5}
	EndGlobalSection
EndGlobal
