
Microsoft Visual Studio Solution File, Format Version 12.00
# Visual Studio Version 16
VisualStudioVersion = 16.0.31112.23
MinimumVisualStudioVersion = 10.0.40219.1
Project("{FAE04EC0-301F-11D3-BF4B-00C04F79EFBC}") = "ConsoleApp1_ConsoleCalc", "ConsoleApp1_ConsoleCalc\ConsoleApp1_ConsoleCalc.csproj", "{57B49BAA-91C5-41C1-81C2-7F1A99967249}"
EndProject
Global
	GlobalSection(SolutionConfigurationPlatforms) = preSolution
		Debug|Any CPU = Debug|Any CPU
		Release|Any CPU = Release|Any CPU
	EndGlobalSection
	GlobalSection(ProjectConfigurationPlatforms) = postSolution
		{57B49BAA-91C5-41C1-81C2-7F1A99967249}.Debug|Any CPU.ActiveCfg = Debug|Any CPU
		{57B49BAA-91C5-41C1-81C2-7F1A99967249}.Debug|Any CPU.Build.0 = Debug|Any CPU
		{57B49BAA-91C5-41C1-81C2-7F1A99967249}.Release|Any CPU.ActiveCfg = Release|Any CPU
		{57B49BAA-91C5-41C1-81C2-7F1A99967249}.Release|Any CPU.Build.0 = Release|Any CPU
	EndGlobalSection
	GlobalSection(SolutionProperties) = preSolution
		HideSolutionNode = FALSE
	EndGlobalSection
	GlobalSection(ExtensibilityGlobals) = postSolution
		SolutionGuid = {B08231B2-3840-4180-BBD6-E9807F2083DD}
	EndGlobalSection
EndGlobal
